// !$*UTF8*$!
{
	archiveVersion = 1;
	classes = {
	};
	objectVersion = 50;
	objects = {

/* Begin PBXBuildFile section */
		6A4F3E80243B015C00D8AEE4 /* AppDelegate.swift in Sources */ = {isa = PBXBuildFile; fileRef = 6A4F3E7F243B015C00D8AEE4 /* AppDelegate.swift */; };
		6A4F3E82243B015C00D8AEE4 /* SceneDelegate.swift in Sources */ = {isa = PBXBuildFile; fileRef = 6A4F3E81243B015C00D8AEE4 /* SceneDelegate.swift */; };
		6A4F3E87243B015C00D8AEE4 /* Main.storyboard in Resources */ = {isa = PBXBuildFile; fileRef = 6A4F3E85243B015C00D8AEE4 /* Main.storyboard */; };
		6A4F3E89243B015F00D8AEE4 /* Assets.xcassets in Resources */ = {isa = PBXBuildFile; fileRef = 6A4F3E88243B015F00D8AEE4 /* Assets.xcassets */; };
		6A4F3E8C243B015F00D8AEE4 /* LaunchScreen.storyboard in Resources */ = {isa = PBXBuildFile; fileRef = 6A4F3E8A243B015F00D8AEE4 /* LaunchScreen.storyboard */; };
		6A4F3E97243B01FE00D8AEE4 /* LoginViewController.swift in Sources */ = {isa = PBXBuildFile; fileRef = 6A4F3E96243B01FE00D8AEE4 /* LoginViewController.swift */; };
		6A4F3E99243D13E000D8AEE4 /* OnTheMapClient.swift in Sources */ = {isa = PBXBuildFile; fileRef = 6A4F3E98243D13E000D8AEE4 /* OnTheMapClient.swift */; };
		6A4F3EA12440B2FB00D8AEE4 /* SessionRequest.swift in Sources */ = {isa = PBXBuildFile; fileRef = 6A4F3EA02440B2FB00D8AEE4 /* SessionRequest.swift */; };
		6A4F3EA32440B37400D8AEE4 /* SessionResponse.swift in Sources */ = {isa = PBXBuildFile; fileRef = 6A4F3EA22440B37400D8AEE4 /* SessionResponse.swift */; };
		6A5011B72444720800AAEED4 /* MapViewController.swift in Sources */ = {isa = PBXBuildFile; fileRef = 6A5011B62444720800AAEED4 /* MapViewController.swift */; };
		6A5011B92444AF2700AAEED4 /* StudentRequest.swift in Sources */ = {isa = PBXBuildFile; fileRef = 6A5011B82444AF2700AAEED4 /* StudentRequest.swift */; };
		6A5011DB2447734000AAEED4 /* AddLocationViewController.swift in Sources */ = {isa = PBXBuildFile; fileRef = 6A5011DA2447734000AAEED4 /* AddLocationViewController.swift */; };
		6AF53AE52443017C00C9A644 /* UdacityResponse.swift in Sources */ = {isa = PBXBuildFile; fileRef = 6AF53AE42443017C00C9A644 /* UdacityResponse.swift */; };
/* End PBXBuildFile section */

/* Begin PBXFileReference section */
		6A4F3E7C243B015C00D8AEE4 /* OnTheMap.app */ = {isa = PBXFileReference; explicitFileType = wrapper.application; includeInIndex = 0; path = OnTheMap.app; sourceTree = BUILT_PRODUCTS_DIR; };
		6A4F3E7F243B015C00D8AEE4 /* AppDelegate.swift */ = {isa = PBXFileReference; lastKnownFileType = sourcecode.swift; path = AppDelegate.swift; sourceTree = "<group>"; };
		6A4F3E81243B015C00D8AEE4 /* SceneDelegate.swift */ = {isa = PBXFileReference; lastKnownFileType = sourcecode.swift; path = SceneDelegate.swift; sourceTree = "<group>"; };
		6A4F3E86243B015C00D8AEE4 /* Base */ = {isa = PBXFileReference; lastKnownFileType = file.storyboard; name = Base; path = Base.lproj/Main.storyboard; sourceTree = "<group>"; };
		6A4F3E88243B015F00D8AEE4 /* Assets.xcassets */ = {isa = PBXFileReference; lastKnownFileType = folder.assetcatalog; path = Assets.xcassets; sourceTree = "<group>"; };
		6A4F3E8B243B015F00D8AEE4 /* Base */ = {isa = PBXFileReference; lastKnownFileType = file.storyboard; name = Base; path = Base.lproj/LaunchScreen.storyboard; sourceTree = "<group>"; };
		6A4F3E8D243B015F00D8AEE4 /* Info.plist */ = {isa = PBXFileReference; lastKnownFileType = text.plist.xml; path = Info.plist; sourceTree = "<group>"; };
		6A4F3E96243B01FE00D8AEE4 /* LoginViewController.swift */ = {isa = PBXFileReference; lastKnownFileType = sourcecode.swift; path = LoginViewController.swift; sourceTree = "<group>"; };
		6A4F3E98243D13E000D8AEE4 /* OnTheMapClient.swift */ = {isa = PBXFileReference; lastKnownFileType = sourcecode.swift; path = OnTheMapClient.swift; sourceTree = "<group>"; };
		6A4F3EA02440B2FB00D8AEE4 /* SessionRequest.swift */ = {isa = PBXFileReference; lastKnownFileType = sourcecode.swift; path = SessionRequest.swift; sourceTree = "<group>"; };
		6A4F3EA22440B37400D8AEE4 /* SessionResponse.swift */ = {isa = PBXFileReference; lastKnownFileType = sourcecode.swift; path = SessionResponse.swift; sourceTree = "<group>"; };
		6A5011B62444720800AAEED4 /* MapViewController.swift */ = {isa = PBXFileReference; lastKnownFileType = sourcecode.swift; path = MapViewController.swift; sourceTree = "<group>"; };
		6A5011B82444AF2700AAEED4 /* StudentRequest.swift */ = {isa = PBXFileReference; lastKnownFileType = sourcecode.swift; path = StudentRequest.swift; sourceTree = "<group>"; };
		6A5011DA2447734000AAEED4 /* AddLocationViewController.swift */ = {isa = PBXFileReference; lastKnownFileType = sourcecode.swift; path = AddLocationViewController.swift; sourceTree = "<group>"; };
		6AF53AE42443017C00C9A644 /* UdacityResponse.swift */ = {isa = PBXFileReference; lastKnownFileType = sourcecode.swift; path = UdacityResponse.swift; sourceTree = "<group>"; };
/* End PBXFileReference section */

/* Begin PBXFrameworksBuildPhase section */
		6A4F3E79243B015C00D8AEE4 /* Frameworks */ = {
			isa = PBXFrameworksBuildPhase;
			buildActionMask = 2147483647;
			files = (
			);
			runOnlyForDeploymentPostprocessing = 0;
		};
/* End PBXFrameworksBuildPhase section */

/* Begin PBXGroup section */
		6A4F3E73243B015C00D8AEE4 = {
			isa = PBXGroup;
			children = (
				6A4F3E7E243B015C00D8AEE4 /* OnTheMap */,
				6A4F3E7D243B015C00D8AEE4 /* Products */,
			);
			sourceTree = "<group>";
		};
		6A4F3E7D243B015C00D8AEE4 /* Products */ = {
			isa = PBXGroup;
			children = (
				6A4F3E7C243B015C00D8AEE4 /* OnTheMap.app */,
			);
			name = Products;
			sourceTree = "<group>";
		};
		6A4F3E7E243B015C00D8AEE4 /* OnTheMap */ = {
			isa = PBXGroup;
			children = (
				6A4F3E9D243E50F900D8AEE4 /* Udacity Responses */,
				6A4F3E9A243E494200D8AEE4 /* Udacity Requests */,
				6A4F3E95243B01CC00D8AEE4 /* Model */,
				6A4F3E94243B01BF00D8AEE4 /* Controller */,
				6A4F3E7F243B015C00D8AEE4 /* AppDelegate.swift */,
				6A4F3E81243B015C00D8AEE4 /* SceneDelegate.swift */,
				6A4F3E93243B018A00D8AEE4 /* View */,
				6A4F3E8D243B015F00D8AEE4 /* Info.plist */,
			);
			path = OnTheMap;
			sourceTree = "<group>";
		};
		6A4F3E93243B018A00D8AEE4 /* View */ = {
			isa = PBXGroup;
			children = (
				6A4F3E85243B015C00D8AEE4 /* Main.storyboard */,
				6A4F3E88243B015F00D8AEE4 /* Assets.xcassets */,
				6A4F3E8A243B015F00D8AEE4 /* LaunchScreen.storyboard */,
			);
			path = View;
			sourceTree = "<group>";
		};
		6A4F3E94243B01BF00D8AEE4 /* Controller */ = {
			isa = PBXGroup;
			children = (
				6A4F3E96243B01FE00D8AEE4 /* LoginViewController.swift */,
				6A5011B62444720800AAEED4 /* MapViewController.swift */,
				6A5011DA2447734000AAEED4 /* AddLocationViewController.swift */,
			);
			path = Controller;
			sourceTree = "<group>";
		};
		6A4F3E95243B01CC00D8AEE4 /* Model */ = {
			isa = PBXGroup;
			children = (
				6A4F3E98243D13E000D8AEE4 /* OnTheMapClient.swift */,
			);
			path = Model;
			sourceTree = "<group>";
		};
		6A4F3E9A243E494200D8AEE4 /* Udacity Requests */ = {
			isa = PBXGroup;
			children = (
				6A4F3EA02440B2FB00D8AEE4 /* SessionRequest.swift */,
				6A5011B82444AF2700AAEED4 /* StudentRequest.swift */,
			);
			path = "Udacity Requests";
			sourceTree = "<group>";
		};
		6A4F3E9D243E50F900D8AEE4 /* Udacity Responses */ = {
			isa = PBXGroup;
			children = (
				6A4F3EA22440B37400D8AEE4 /* SessionResponse.swift */,
				6AF53AE42443017C00C9A644 /* UdacityResponse.swift */,
			);
			path = "Udacity Responses";
			sourceTree = "<group>";
		};
/* End PBXGroup section */

/* Begin PBXNativeTarget section */
		6A4F3E7B243B015C00D8AEE4 /* OnTheMap */ = {
			isa = PBXNativeTarget;
			buildConfigurationList = 6A4F3E90243B015F00D8AEE4 /* Build configuration list for PBXNativeTarget "OnTheMap" */;
			buildPhases = (
				6A4F3E78243B015C00D8AEE4 /* Sources */,
				6A4F3E79243B015C00D8AEE4 /* Frameworks */,
				6A4F3E7A243B015C00D8AEE4 /* Resources */,
			);
			buildRules = (
			);
			dependencies = (
			);
			name = OnTheMap;
			productName = OnTheMap;
			productReference = 6A4F3E7C243B015C00D8AEE4 /* OnTheMap.app */;
			productType = "com.apple.product-type.application";
		};
/* End PBXNativeTarget section */

/* Begin PBXProject section */
		6A4F3E74243B015C00D8AEE4 /* Project object */ = {
			isa = PBXProject;
			attributes = {
				LastSwiftUpdateCheck = 1140;
				LastUpgradeCheck = 1140;
				ORGANIZATIONNAME = "Wolfgang Sigel";
				TargetAttributes = {
					6A4F3E7B243B015C00D8AEE4 = {
						CreatedOnToolsVersion = 11.4;
					};
				};
			};
			buildConfigurationList = 6A4F3E77243B015C00D8AEE4 /* Build configuration list for PBXProject "OnTheMap" */;
			compatibilityVersion = "Xcode 9.3";
			developmentRegion = en;
			hasScannedForEncodings = 0;
			knownRegions = (
				en,
				Base,
			);
			mainGroup = 6A4F3E73243B015C00D8AEE4;
			productRefGroup = 6A4F3E7D243B015C00D8AEE4 /* Products */;
			projectDirPath = "";
			projectRoot = "";
			targets = (
				6A4F3E7B243B015C00D8AEE4 /* OnTheMap */,
			);
		};
/* End PBXProject section */

/* Begin PBXResourcesBuildPhase section */
		6A4F3E7A243B015C00D8AEE4 /* Resources */ = {
			isa = PBXResourcesBuildPhase;
			buildActionMask = 2147483647;
			files = (
				6A4F3E8C243B015F00D8AEE4 /* LaunchScreen.storyboard in Resources */,
				6A4F3E89243B015F00D8AEE4 /* Assets.xcassets in Resources */,
				6A4F3E87243B015C00D8AEE4 /* Main.storyboard in Resources */,
			);
			runOnlyForDeploymentPostprocessing = 0;
		};
/* End PBXResourcesBuildPhase section */

/* Begin PBXSourcesBuildPhase section */
		6A4F3E78243B015C00D8AEE4 /* Sources */ = {
			isa = PBXSourcesBuildPhase;
			buildActionMask = 2147483647;
			files = (
				6A4F3E97243B01FE00D8AEE4 /* LoginViewController.swift in Sources */,
				6AF53AE52443017C00C9A644 /* UdacityResponse.swift in Sources */,
				6A4F3E80243B015C00D8AEE4 /* AppDelegate.swift in Sources */,
				6A4F3EA32440B37400D8AEE4 /* SessionResponse.swift in Sources */,
				6A4F3EA12440B2FB00D8AEE4 /* SessionRequest.swift in Sources */,
				6A5011B92444AF2700AAEED4 /* StudentRequest.swift in Sources */,
				6A4F3E82243B015C00D8AEE4 /* SceneDelegate.swift in Sources */,
				6A5011DB2447734000AAEED4 /* AddLocationViewController.swift in Sources */,
				6A4F3E99243D13E000D8AEE4 /* OnTheMapClient.swift in Sources */,
				6A5011B72444720800AAEED4 /* MapViewController.swift in Sources */,
			);
			runOnlyForDeploymentPostprocessing = 0;
		};
/* End PBXSourcesBuildPhase section */

/* Begin PBXVariantGroup section */
		6A4F3E85243B015C00D8AEE4 /* Main.storyboard */ = {
			isa = PBXVariantGroup;
			children = (
				6A4F3E86243B015C00D8AEE4 /* Base */,
			);
			name = Main.storyboard;
			sourceTree = "<group>";
		};
		6A4F3E8A243B015F00D8AEE4 /* LaunchScreen.storyboard */ = {
			isa = PBXVariantGroup;
			children = (
				6A4F3E8B243B015F00D8AEE4 /* Base */,
			);
			name = LaunchScreen.storyboard;
			sourceTree = "<group>";
		};
/* End PBXVariantGroup section */

/* Begin XCBuildConfiguration section */
		6A4F3E8E243B015F00D8AEE4 /* Debug */ = {
			isa = XCBuildConfiguration;
			buildSettings = {
				ALWAYS_SEARCH_USER_PATHS = NO;
				CLANG_ANALYZER_NONNULL = YES;
				CLANG_ANALYZER_NUMBER_OBJECT_CONVERSION = YES_AGGRESSIVE;
				CLANG_CXX_LANGUAGE_STANDARD = "gnu++14";
				CLANG_CXX_LIBRARY = "libc++";
				CLANG_ENABLE_MODULES = YES;
				CLANG_ENABLE_OBJC_ARC = YES;
				CLANG_ENABLE_OBJC_WEAK = YES;
				CLANG_WARN_BLOCK_CAPTURE_AUTORELEASING = YES;
				CLANG_WARN_BOOL_CONVERSION = YES;
				CLANG_WARN_COMMA = YES;
				CLANG_WARN_CONSTANT_CONVERSION = YES;
				CLANG_WARN_DEPRECATED_OBJC_IMPLEMENTATIONS = YES;
				CLANG_WARN_DIRECT_OBJC_ISA_USAGE = YES_ERROR;
				CLANG_WARN_DOCUMENTATION_COMMENTS = YES;
				CLANG_WARN_EMPTY_BODY = YES;
				CLANG_WARN_ENUM_CONVERSION = YES;
				CLANG_WARN_INFINITE_RECURSION = YES;
				CLANG_WARN_INT_CONVERSION = YES;
				CLANG_WARN_NON_LITERAL_NULL_CONVERSION = YES;
				CLANG_WARN_OBJC_IMPLICIT_RETAIN_SELF = YES;
				CLANG_WARN_OBJC_LITERAL_CONVERSION = YES;
				CLANG_WARN_OBJC_ROOT_CLASS = YES_ERROR;
				CLANG_WARN_RANGE_LOOP_ANALYSIS = YES;
				CLANG_WARN_STRICT_PROTOTYPES = YES;
				CLANG_WARN_SUSPICIOUS_MOVE = YES;
				CLANG_WARN_UNGUARDED_AVAILABILITY = YES_AGGRESSIVE;
				CLANG_WARN_UNREACHABLE_CODE = YES;
				CLANG_WARN__DUPLICATE_METHOD_MATCH = YES;
				COPY_PHASE_STRIP = NO;
				DEBUG_INFORMATION_FORMAT = dwarf;
				ENABLE_STRICT_OBJC_MSGSEND = YES;
				ENABLE_TESTABILITY = YES;
				GCC_C_LANGUAGE_STANDARD = gnu11;
				GCC_DYNAMIC_NO_PIC = NO;
				GCC_NO_COMMON_BLOCKS = YES;
				GCC_OPTIMIZATION_LEVEL = 0;
				GCC_PREPROCESSOR_DEFINITIONS = (
					"DEBUG=1",
					"$(inherited)",
				);
				GCC_WARN_64_TO_32_BIT_CONVERSION = YES;
				GCC_WARN_ABOUT_RETURN_TYPE = YES_ERROR;
				GCC_WARN_UNDECLARED_SELECTOR = YES;
				GCC_WARN_UNINITIALIZED_AUTOS = YES_AGGRESSIVE;
				GCC_WARN_UNUSED_FUNCTION = YES;
				GCC_WARN_UNUSED_VARIABLE = YES;
				IPHONEOS_DEPLOYMENT_TARGET = 13.4;
				MTL_ENABLE_DEBUG_INFO = INCLUDE_SOURCE;
				MTL_FAST_MATH = YES;
				ONLY_ACTIVE_ARCH = YES;
				SDKROOT = iphoneos;
				SWIFT_ACTIVE_COMPILATION_CONDITIONS = DEBUG;
				SWIFT_OPTIMIZATION_LEVEL = "-Onone";
			};
			name = Debug;
		};
		6A4F3E8F243B015F00D8AEE4 /* Release */ = {
			isa = XCBuildConfiguration;
			buildSettings = {
				ALWAYS_SEARCH_USER_PATHS = NO;
				CLANG_ANALYZER_NONNULL = YES;
				CLANG_ANALYZER_NUMBER_OBJECT_CONVERSION = YES_AGGRESSIVE;
				CLANG_CXX_LANGUAGE_STANDARD = "gnu++14";
				CLANG_CXX_LIBRARY = "libc++";
				CLANG_ENABLE_MODULES = YES;
				CLANG_ENABLE_OBJC_ARC = YES;
				CLANG_ENABLE_OBJC_WEAK = YES;
				CLANG_WARN_BLOCK_CAPTURE_AUTORELEASING = YES;
				CLANG_WARN_BOOL_CONVERSION = YES;
				CLANG_WARN_COMMA = YES;
				CLANG_WARN_CONSTANT_CONVERSION = YES;
				CLANG_WARN_DEPRECATED_OBJC_IMPLEMENTATIONS = YES;
				CLANG_WARN_DIRECT_OBJC_ISA_USAGE = YES_ERROR;
				CLANG_WARN_DOCUMENTATION_COMMENTS = YES;
				CLANG_WARN_EMPTY_BODY = YES;
				CLANG_WARN_ENUM_CONVERSION = YES;
				CLANG_WARN_INFINITE_RECURSION = YES;
				CLANG_WARN_INT_CONVERSION = YES;
				CLANG_WARN_NON_LITERAL_NULL_CONVERSION = YES;
				CLANG_WARN_OBJC_IMPLICIT_RETAIN_SELF = YES;
				CLANG_WARN_OBJC_LITERAL_CONVERSION = YES;
				CLANG_WARN_OBJC_ROOT_CLASS = YES_ERROR;
				CLANG_WARN_RANGE_LOOP_ANALYSIS = YES;
				CLANG_WARN_STRICT_PROTOTYPES = YES;
				CLANG_WARN_SUSPICIOUS_MOVE = YES;
				CLANG_WARN_UNGUARDED_AVAILABILITY = YES_AGGRESSIVE;
				CLANG_WARN_UNREACHABLE_CODE = YES;
				CLANG_WARN__DUPLICATE_METHOD_MATCH = YES;
				COPY_PHASE_STRIP = NO;
				DEBUG_INFORMATION_FORMAT = "dwarf-with-dsym";
				ENABLE_NS_ASSERTIONS = NO;
				ENABLE_STRICT_OBJC_MSGSEND = YES;
				GCC_C_LANGUAGE_STANDARD = gnu11;
				GCC_NO_COMMON_BLOCKS = YES;
				GCC_WARN_64_TO_32_BIT_CONVERSION = YES;
				GCC_WARN_ABOUT_RETURN_TYPE = YES_ERROR;
				GCC_WARN_UNDECLARED_SELECTOR = YES;
				GCC_WARN_UNINITIALIZED_AUTOS = YES_AGGRESSIVE;
				GCC_WARN_UNUSED_FUNCTION = YES;
				GCC_WARN_UNUSED_VARIABLE = YES;
				IPHONEOS_DEPLOYMENT_TARGET = 13.4;
				MTL_ENABLE_DEBUG_INFO = NO;
				MTL_FAST_MATH = YES;
				SDKROOT = iphoneos;
				SWIFT_COMPILATION_MODE = wholemodule;
				SWIFT_OPTIMIZATION_LEVEL = "-O";
				VALIDATE_PRODUCT = YES;
			};
			name = Release;
		};
		6A4F3E91243B015F00D8AEE4 /* Debug */ = {
			isa = XCBuildConfiguration;
			buildSettings = {
				ASSETCATALOG_COMPILER_APPICON_NAME = AppIcon;
				CODE_SIGN_STYLE = Automatic;
				INFOPLIST_FILE = OnTheMap/Info.plist;
				LD_RUNPATH_SEARCH_PATHS = (
					"$(inherited)",
					"@executable_path/Frameworks",
				);
				PRODUCT_BUNDLE_IDENTIFIER = com.wolfgangsigel.OnTheMap;
				PRODUCT_NAME = "$(TARGET_NAME)";
				SWIFT_VERSION = 5.0;
				TARGETED_DEVICE_FAMILY = "1,2";
			};
			name = Debug;
		};
		6A4F3E92243B015F00D8AEE4 /* Release */ = {
			isa = XCBuildConfiguration;
			buildSettings = {
				ASSETCATALOG_COMPILER_APPICON_NAME = AppIcon;
				CODE_SIGN_STYLE = Automatic;
				INFOPLIST_FILE = OnTheMap/Info.plist;
				LD_RUNPATH_SEARCH_PATHS = (
					"$(inherited)",
					"@executable_path/Frameworks",
				);
				PRODUCT_BUNDLE_IDENTIFIER = com.wolfgangsigel.OnTheMap;
				PRODUCT_NAME = "$(TARGET_NAME)";
				SWIFT_VERSION = 5.0;
				TARGETED_DEVICE_FAMILY = "1,2";
			};
			name = Release;
		};
/* End XCBuildConfiguration section */

/* Begin XCConfigurationList section */
		6A4F3E77243B015C00D8AEE4 /* Build configuration list for PBXProject "OnTheMap" */ = {
			isa = XCConfigurationList;
			buildConfigurations = (
				6A4F3E8E243B015F00D8AEE4 /* Debug */,
				6A4F3E8F243B015F00D8AEE4 /* Release */,
			);
			defaultConfigurationIsVisible = 0;
			defaultConfigurationName = Release;
		};
		6A4F3E90243B015F00D8AEE4 /* Build configuration list for PBXNativeTarget "OnTheMap" */ = {
			isa = XCConfigurationList;
			buildConfigurations = (
				6A4F3E91243B015F00D8AEE4 /* Debug */,
				6A4F3E92243B015F00D8AEE4 /* Release */,
			);
			defaultConfigurationIsVisible = 0;
			defaultConfigurationName = Release;
		};
/* End XCConfigurationList section */
	};
	rootObject = 6A4F3E74243B015C00D8AEE4 /* Project object */;
}
